
Microsoft Visual Studio Solution File, Format Version 12.00
# Visual Studio Version 17
VisualStudioVersion = 17.0.31903.59
MinimumVisualStudioVersion = 10.0.40219.1
Project("{2150E333-8FDC-42A3-9474-1A3956D46DE8}") = "src", "src", "{827E0CD3-B72D-47B6-A68D-7590B98EB39B}"
EndProject
Project("{FAE04EC0-301F-11D3-BF4B-00C04F79EFBC}") = "GuildArena.Api", "src\GuildArena.Api\GuildArena.Api.csproj", "{21F2B46F-5FAA-4784-82A9-0F4C82F3DDC6}"
EndProject
Project("{FAE04EC0-301F-11D3-BF4B-00C04F79EFBC}") = "GuildArena.Domain", "src\GuildArena.Domain\GuildArena.Domain.csproj", "{E390FF40-AEB1-4C17-A051-F77A473B55C1}"
EndProject
Project("{FAE04EC0-301F-11D3-BF4B-00C04F79EFBC}") = "GuildArena.Core", "src\GuildArena.Core\GuildArena.Core.csproj", "{6D6DC86D-DBCA-47BE-90A7-5DF781400AB3}"
EndProject
Project("{FAE04EC0-301F-11D3-BF4B-00C04F79EFBC}") = "GuildArena.Application", "src\GuildArena.Application\GuildArena.Application.csproj", "{D63CC188-7051-4547-B7B9-8D2F18E55E4C}"
EndProject
Project("{FAE04EC0-301F-11D3-BF4B-00C04F79EFBC}") = "GuildArena.Infrastructure", "src\GuildArena.Infrastructure\GuildArena.Infrastructure.csproj", "{0C4A748C-766C-40AC-AA72-FBD7C1E2AFAF}"
EndProject
Project("{FAE04EC0-301F-11D3-BF4B-00C04F79EFBC}") = "GuildArena.Web", "src\GuildArena.Web\GuildArena.Web.csproj", "{06C460E8-10DC-479D-852D-60409A1F2268}"
EndProject
Global
	GlobalSection(SolutionConfigurationPlatforms) = preSolution
		Debug|Any CPU = Debug|Any CPU
		Debug|x64 = Debug|x64
		Debug|x86 = Debug|x86
		Release|Any CPU = Release|Any CPU
		Release|x64 = Release|x64
		Release|x86 = Release|x86
	EndGlobalSection
	GlobalSection(ProjectConfigurationPlatforms) = postSolution
		{21F2B46F-5FAA-4784-82A9-0F4C82F3DDC6}.Debug|Any CPU.ActiveCfg = Debug|Any CPU
		{21F2B46F-5FAA-4784-82A9-0F4C82F3DDC6}.Debug|Any CPU.Build.0 = Debug|Any CPU
		{21F2B46F-5FAA-4784-82A9-0F4C82F3DDC6}.Debug|x64.ActiveCfg = Debug|Any CPU
		{21F2B46F-5FAA-4784-82A9-0F4C82F3DDC6}.Debug|x64.Build.0 = Debug|Any CPU
		{21F2B46F-5FAA-4784-82A9-0F4C82F3DDC6}.Debug|x86.ActiveCfg = Debug|Any CPU
		{21F2B46F-5FAA-4784-82A9-0F4C82F3DDC6}.Debug|x86.Build.0 = Debug|Any CPU
		{21F2B46F-5FAA-4784-82A9-0F4C82F3DDC6}.Release|Any CPU.ActiveCfg = Release|Any CPU
		{21F2B46F-5FAA-4784-82A9-0F4C82F3DDC6}.Release|Any CPU.Build.0 = Release|Any CPU
		{21F2B46F-5FAA-4784-82A9-0F4C82F3DDC6}.Release|x64.ActiveCfg = Release|Any CPU
		{21F2B46F-5FAA-4784-82A9-0F4C82F3DDC6}.Release|x64.Build.0 = Release|Any CPU
		{21F2B46F-5FAA-4784-82A9-0F4C82F3DDC6}.Release|x86.ActiveCfg = Release|Any CPU
		{21F2B46F-5FAA-4784-82A9-0F4C82F3DDC6}.Release|x86.Build.0 = Release|Any CPU
		{E390FF40-AEB1-4C17-A051-F77A473B55C1}.Debug|Any CPU.ActiveCfg = Debug|Any CPU
		{E390FF40-AEB1-4C17-A051-F77A473B55C1}.Debug|Any CPU.Build.0 = Debug|Any CPU
		{E390FF40-AEB1-4C17-A051-F77A473B55C1}.Debug|x64.ActiveCfg = Debug|Any CPU
		{E390FF40-AEB1-4C17-A051-F77A473B55C1}.Debug|x64.Build.0 = Debug|Any CPU
		{E390FF40-AEB1-4C17-A051-F77A473B55C1}.Debug|x86.ActiveCfg = Debug|Any CPU
		{E390FF40-AEB1-4C17-A051-F77A473B55C1}.Debug|x86.Build.0 = Debug|Any CPU
		{E390FF40-AEB1-4C17-A051-F77A473B55C1}.Release|Any CPU.ActiveCfg = Release|Any CPU
		{E390FF40-AEB1-4C17-A051-F77A473B55C1}.Release|Any CPU.Build.0 = Release|Any CPU
		{E390FF40-AEB1-4C17-A051-F77A473B55C1}.Release|x64.ActiveCfg = Release|Any CPU
		{E390FF40-AEB1-4C17-A051-F77A473B55C1}.Release|x64.Build.0 = Release|Any CPU
		{E390FF40-AEB1-4C17-A051-F77A473B55C1}.Release|x86.ActiveCfg = Release|Any CPU
		{E390FF40-AEB1-4C17-A051-F77A473B55C1}.Release|x86.Build.0 = Release|Any CPU
		{6D6DC86D-DBCA-47BE-90A7-5DF781400AB3}.Debug|Any CPU.ActiveCfg = Debug|Any CPU
		{6D6DC86D-DBCA-47BE-90A7-5DF781400AB3}.Debug|Any CPU.Build.0 = Debug|Any CPU
		{6D6DC86D-DBCA-47BE-90A7-5DF781400AB3}.Debug|x64.ActiveCfg = Debug|Any CPU
		{6D6DC86D-DBCA-47BE-90A7-5DF781400AB3}.Debug|x64.Build.0 = Debug|Any CPU
		{6D6DC86D-DBCA-47BE-90A7-5DF781400AB3}.Debug|x86.ActiveCfg = Debug|Any CPU
		{6D6DC86D-DBCA-47BE-90A7-5DF781400AB3}.Debug|x86.Build.0 = Debug|Any CPU
		{6D6DC86D-DBCA-47BE-90A7-5DF781400AB3}.Release|Any CPU.ActiveCfg = Release|Any CPU
		{6D6DC86D-DBCA-47BE-90A7-5DF781400AB3}.Release|Any CPU.Build.0 = Release|Any CPU
		{6D6DC86D-DBCA-47BE-90A7-5DF781400AB3}.Release|x64.ActiveCfg = Release|Any CPU
		{6D6DC86D-DBCA-47BE-90A7-5DF781400AB3}.Release|x64.Build.0 = Release|Any CPU
		{6D6DC86D-DBCA-47BE-90A7-5DF781400AB3}.Release|x86.ActiveCfg = Release|Any CPU
		{6D6DC86D-DBCA-47BE-90A7-5DF781400AB3}.Release|x86.Build.0 = Release|Any CPU
		{D63CC188-7051-4547-B7B9-8D2F18E55E4C}.Debug|Any CPU.ActiveCfg = Debug|Any CPU
		{D63CC188-7051-4547-B7B9-8D2F18E55E4C}.Debug|Any CPU.Build.0 = Debug|Any CPU
		{D63CC188-7051-4547-B7B9-8D2F18E55E4C}.Debug|x64.ActiveCfg = Debug|Any CPU
		{D63CC188-7051-4547-B7B9-8D2F18E55E4C}.Debug|x64.Build.0 = Debug|Any CPU
		{D63CC188-7051-4547-B7B9-8D2F18E55E4C}.Debug|x86.ActiveCfg = Debug|Any CPU
		{D63CC188-7051-4547-B7B9-8D2F18E55E4C}.Debug|x86.Build.0 = Debug|Any CPU
		{D63CC188-7051-4547-B7B9-8D2F18E55E4C}.Release|Any CPU.ActiveCfg = Release|Any CPU
		{D63CC188-7051-4547-B7B9-8D2F18E55E4C}.Release|Any CPU.Build.0 = Release|Any CPU
		{D63CC188-7051-4547-B7B9-8D2F18E55E4C}.Release|x64.ActiveCfg = Release|Any CPU
		{D63CC188-7051-4547-B7B9-8D2F18E55E4C}.Release|x64.Build.0 = Release|Any CPU
		{D63CC188-7051-4547-B7B9-8D2F18E55E4C}.Release|x86.ActiveCfg = Release|Any CPU
		{D63CC188-7051-4547-B7B9-8D2F18E55E4C}.Release|x86.Build.0 = Release|Any CPU
		{0C4A748C-766C-40AC-AA72-FBD7C1E2AFAF}.Debug|Any CPU.ActiveCfg = Debug|Any CPU
		{0C4A748C-766C-40AC-AA72-FBD7C1E2AFAF}.Debug|Any CPU.Build.0 = Debug|Any CPU
		{0C4A748C-766C-40AC-AA72-FBD7C1E2AFAF}.Debug|x64.ActiveCfg = Debug|Any CPU
		{0C4A748C-766C-40AC-AA72-FBD7C1E2AFAF}.Debug|x64.Build.0 = Debug|Any CPU
		{0C4A748C-766C-40AC-AA72-FBD7C1E2AFAF}.Debug|x86.ActiveCfg = Debug|Any CPU
		{0C4A748C-766C-40AC-AA72-FBD7C1E2AFAF}.Debug|x86.Build.0 = Debug|Any CPU
		{0C4A748C-766C-40AC-AA72-FBD7C1E2AFAF}.Release|Any CPU.ActiveCfg = Release|Any CPU
		{0C4A748C-766C-40AC-AA72-FBD7C1E2AFAF}.Release|Any CPU.Build.0 = Release|Any CPU
		{0C4A748C-766C-40AC-AA72-FBD7C1E2AFAF}.Release|x64.ActiveCfg = Release|Any CPU
		{0C4A748C-766C-40AC-AA72-FBD7C1E2AFAF}.Release|x64.Build.0 = Release|Any CPU
		{0C4A748C-766C-40AC-AA72-FBD7C1E2AFAF}.Release|x86.ActiveCfg = Release|Any CPU
		{0C4A748C-766C-40AC-AA72-FBD7C1E2AFAF}.Release|x86.Build.0 = Release|Any CPU
		{06C460E8-10DC-479D-852D-60409A1F2268}.Debug|Any CPU.ActiveCfg = Debug|Any CPU
		{06C460E8-10DC-479D-852D-60409A1F2268}.Debug|Any CPU.Build.0 = Debug|Any CPU
		{06C460E8-10DC-479D-852D-60409A1F2268}.Debug|x64.ActiveCfg = Debug|Any CPU
		{06C460E8-10DC-479D-852D-60409A1F2268}.Debug|x64.Build.0 = Debug|Any CPU
		{06C460E8-10DC-479D-852D-60409A1F2268}.Debug|x86.ActiveCfg = Debug|Any CPU
		{06C460E8-10DC-479D-852D-60409A1F2268}.Debug|x86.Build.0 = Debug|Any CPU
		{06C460E8-10DC-479D-852D-60409A1F2268}.Release|Any CPU.ActiveCfg = Release|Any CPU
		{06C460E8-10DC-479D-852D-60409A1F2268}.Release|Any CPU.Build.0 = Release|Any CPU
		{06C460E8-10DC-479D-852D-60409A1F2268}.Release|x64.ActiveCfg = Release|Any CPU
		{06C460E8-10DC-479D-852D-60409A1F2268}.Release|x64.Build.0 = Release|Any CPU
		{06C460E8-10DC-479D-852D-60409A1F2268}.Release|x86.ActiveCfg = Release|Any CPU
		{06C460E8-10DC-479D-852D-60409A1F2268}.Release|x86.Build.0 = Release|Any CPU
	EndGlobalSection
	GlobalSection(SolutionProperties) = preSolution
		HideSolutionNode = FALSE
	EndGlobalSection
	GlobalSection(NestedProjects) = preSolution
		{21F2B46F-5FAA-4784-82A9-0F4C82F3DDC6} = {827E0CD3-B72D-47B6-A68D-7590B98EB39B}
		{E390FF40-AEB1-4C17-A051-F77A473B55C1} = {827E0CD3-B72D-47B6-A68D-7590B98EB39B}
		{6D6DC86D-DBCA-47BE-90A7-5DF781400AB3} = {827E0CD3-B72D-47B6-A68D-7590B98EB39B}
		{D63CC188-7051-4547-B7B9-8D2F18E55E4C} = {827E0CD3-B72D-47B6-A68D-7590B98EB39B}
		{0C4A748C-766C-40AC-AA72-FBD7C1E2AFAF} = {827E0CD3-B72D-47B6-A68D-7590B98EB39B}
		{06C460E8-10DC-479D-852D-60409A1F2268} = {827E0CD3-B72D-47B6-A68D-7590B98EB39B}
	EndGlobalSection
EndGlobal
